
Microsoft Visual Studio Solution File, Format Version 12.00
# Visual Studio Version 17
VisualStudioVersion = 17.7.34202.233
MinimumVisualStudioVersion = 10.0.40219.1
Project("{FAE04EC0-301F-11D3-BF4B-00C04F79EFBC}") = "GameCard_SE172956", "GameCard_SE172956\GameCard_SE172956.csproj", "{3E2E12F6-DFFB-4F84-AAD9-1A99DF40FDAB}"
EndProject
Project("{FAE04EC0-301F-11D3-BF4B-00C04F79EFBC}") = "Repositories", "Repositories\Repositories.csproj", "{5F4E3659-973E-4F95-B8E8-7152D61F2AF2}"
EndProject
Project("{FAE04EC0-301F-11D3-BF4B-00C04F79EFBC}") = "Service", "Service\Service.csproj", "{C408261A-4200-4F7E-9CD8-FA390812584C}"
EndProject
Global
	GlobalSection(SolutionConfigurationPlatforms) = preSolution
		Debug|Any CPU = Debug|Any CPU
		Release|Any CPU = Release|Any CPU
	EndGlobalSection
	GlobalSection(ProjectConfigurationPlatforms) = postSolution
		{3E2E12F6-DFFB-4F84-AAD9-1A99DF40FDAB}.Debug|Any CPU.ActiveCfg = Debug|Any CPU
		{3E2E12F6-DFFB-4F84-AAD9-1A99DF40FDAB}.Debug|Any CPU.Build.0 = Debug|Any CPU
		{3E2E12F6-DFFB-4F84-AAD9-1A99DF40FDAB}.Release|Any CPU.ActiveCfg = Release|Any CPU
		{3E2E12F6-DFFB-4F84-AAD9-1A99DF40FDAB}.Release|Any CPU.Build.0 = Release|Any CPU
		{5F4E3659-973E-4F95-B8E8-7152D61F2AF2}.Debug|Any CPU.ActiveCfg = Debug|Any CPU
		{5F4E3659-973E-4F95-B8E8-7152D61F2AF2}.Debug|Any CPU.Build.0 = Debug|Any CPU
		{5F4E3659-973E-4F95-B8E8-7152D61F2AF2}.Release|Any CPU.ActiveCfg = Release|Any CPU
		{5F4E3659-973E-4F95-B8E8-7152D61F2AF2}.Release|Any CPU.Build.0 = Release|Any CPU
		{C408261A-4200-4F7E-9CD8-FA390812584C}.Debug|Any CPU.ActiveCfg = Debug|Any CPU
		{C408261A-4200-4F7E-9CD8-FA390812584C}.Debug|Any CPU.Build.0 = Debug|Any CPU
		{C408261A-4200-4F7E-9CD8-FA390812584C}.Release|Any CPU.ActiveCfg = Release|Any CPU
		{C408261A-4200-4F7E-9CD8-FA390812584C}.Release|Any CPU.Build.0 = Release|Any CPU
	EndGlobalSection
	GlobalSection(SolutionProperties) = preSolution
		HideSolutionNode = FALSE
	EndGlobalSection
	GlobalSection(ExtensibilityGlobals) = postSolution
		SolutionGuid = {29B019F7-90B4-4C58-B20A-E4C2DF45AB8C}
	EndGlobalSection
EndGlobal
